
Microsoft Visual Studio Solution File, Format Version 12.00
# Visual Studio Express 14 for Windows Desktop
VisualStudioVersion = 14.0.25420.1
MinimumVisualStudioVersion = 10.0.40219.1
Project("{FAE04EC0-301F-11D3-BF4B-00C04F79EFBC}") = "geometry_s", "geometry_s\geometry_s.csproj", "{CDEBCD78-9788-4095-B562-FBE470E9F237}"
EndProject
Global
	GlobalSection(SolutionConfigurationPlatforms) = preSolution
		Debug|Any CPU = Debug|Any CPU
		Release|Any CPU = Release|Any CPU
	EndGlobalSection
	GlobalSection(ProjectConfigurationPlatforms) = postSolution
		{CDEBCD78-9788-4095-B562-FBE470E9F237}.Debug|Any CPU.ActiveCfg = Debug|Any CPU
		{CDEBCD78-9788-4095-B562-FBE470E9F237}.Debug|Any CPU.Build.0 = Debug|Any CPU
		{CDEBCD78-9788-4095-B562-FBE470E9F237}.Release|Any CPU.ActiveCfg = Release|Any CPU
		{CDEBCD78-9788-4095-B562-FBE470E9F237}.Release|Any CPU.Build.0 = Release|Any CPU
	EndGlobalSection
	GlobalSection(SolutionProperties) = preSolution
		HideSolutionNode = FALSE
	EndGlobalSection
EndGlobal
